{
  "originHash" : "08396e4adb7bdeaeb9a6b80c59f4980c6ac83858e51e4a0b2e97d7412207ab7a",
  "pins" : [
    {
      "identity" : "advancedlist",
      "kind" : "remoteSourceControl",
      "location" : "https://github.com/chris-swift-dev/AdvancedList",
      "state" : {
        "revision" : "a1d3dad7fa5f7cb5967307bd083a656cf6d598af",
        "version" : "8.0.0"
      }
    },
    {
      "identity" : "listpagination",
      "kind" : "remoteSourceControl",
      "location" : "https://github.com/crelies/ListPagination",
      "state" : {
        "revision" : "af667b368a10512da79605b61698d53c11d24cbf",
        "version" : "0.1.1"
      }
    },
    {
      "identity" : "navigattie?tab=readme-ov-file",
      "kind" : "remoteSourceControl",
      "location" : "https://github.com/Mijick/Navigattie?tab=readme-ov-file",
      "state" : {
        "revision" : "214a9fb96ee859216083b8f3bc59a0ba95f67449",
        "version" : "0.4.0"
      }
    },
    {
      "identity" : "popups",
      "kind" : "remoteSourceControl",
      "location" : "https://github.com/Mijick/Popups",
      "state" : {
        "revision" : "60ebc93bbcf06d78b0123389e641c3a451c80f65",
        "version" : "2.7.1"
      }
    },
    {
      "identity" : "sdwebimage",
      "kind" : "remoteSourceControl",
      "location" : "https://github.com/SDWebImage/SDWebImage.git",
      "state" : {
        "revision" : "cac9a55a3ae92478a2c95042dcc8d9695d2129ca",
        "version" : "5.21.0"
      }
    },
    {
      "identity" : "sdwebimageswiftui",
      "kind" : "remoteSourceControl",
      "location" : "https://github.com/SDWebImage/SDWebImageSwiftUI.git",
      "state" : {
        "revision" : "53573d6dd017e354c0e7d8f1c86b77ef1383c996",
        "version" : "2.2.7"
      }
    }
  ],
  "version" : 3
}
